
Microsoft Visual Studio Solution File, Format Version 11.00
# Visual Studio 2010
Project("{2150E333-8FDC-42A3-9474-1A3956D46DE8}") = "Core", "Core", "{A94C8911-254D-41AC-ADD4-FB5DE741670B}"
EndProject
Project("{2150E333-8FDC-42A3-9474-1A3956D46DE8}") = "Solution Items", "Solution Items", "{4112712F-EE4F-4336-B330-C7BE413F11DE}"
	ProjectSection(SolutionItems) = preProject
		Funq.properties = Funq.properties
		Funq.targets = Funq.targets
		Funq.testrunconfig = Funq.testrunconfig
		Funq.vsmdi = Funq.vsmdi
		Version.t4 = Version.t4
	EndProjectSection
EndProject
Project("{2150E333-8FDC-42A3-9474-1A3956D46DE8}") = "Silverlight", "Silverlight", "{06B69B84-3896-4E93-BF25-81044FE8A572}"
EndProject
Project("{FAE04EC0-301F-11D3-BF4B-00C04F79EFBC}") = "Funq", "Core\Funq\Funq.csproj", "{56656B0F-90BB-44D1-8A70-D004F940E0D2}"
EndProject
Project("{FAE04EC0-301F-11D3-BF4B-00C04F79EFBC}") = "Funq.Tests", "Core\Funq.UnitTests\Funq.Tests.csproj", "{E655E463-B7E3-4BF4-B02F-3E1B98C1353D}"
EndProject
Project("{FAE04EC0-301F-11D3-BF4B-00C04F79EFBC}") = "Funq.Silverlight", "Silverlight\Funq\Funq.Silverlight.csproj", "{0F0175C7-9CCD-4C05-94DE-308E83A8B317}"
EndProject
Project("{FAE04EC0-301F-11D3-BF4B-00C04F79EFBC}") = "Funq.Silverlight.Tests", "Silverlight\Funq.UnitTests\Funq.Silverlight.Tests.csproj", "{3F9ACA78-D409-4E60-8C32-A1FF5498F771}"
EndProject
Project("{2150E333-8FDC-42A3-9474-1A3956D46DE8}") = "WindowsPhone", "WindowsPhone", "{0E1B7238-782E-4588-8E79-94CA948BA55D}"
EndProject
Project("{FAE04EC0-301F-11D3-BF4B-00C04F79EFBC}") = "Funq.WindowsPhone", "WindowsPhone\Funq\Funq.WindowsPhone.csproj", "{A046BB8A-1AE2-4673-AA33-1AF8A706BAEE}"
EndProject
Project("{FAE04EC0-301F-11D3-BF4B-00C04F79EFBC}") = "Funq.Composition", "Core\Funq.Composition\Funq.Composition.csproj", "{5FB37D21-CE86-4074-8B5A-C397B6A4EB9A}"
EndProject
Project("{2150E333-8FDC-42A3-9474-1A3956D46DE8}") = "MonoDroid", "MonoDroid", "{7E0A05B8-FF15-4D5C-BD5F-8AF576899446}"
EndProject
Project("{2150E333-8FDC-42A3-9474-1A3956D46DE8}") = "Platforms", "Platforms", "{4F1C8B5F-51B4-4C92-BF23-7508E1441ADC}"
EndProject
Project("{FAE04EC0-301F-11D3-BF4B-00C04F79EFBC}") = "Funq.Silverlight.Composition", "Silverlight\Funq.Composition\Funq.Silverlight.Composition.csproj", "{7BA220A1-0804-4392-BFED-8870BF73FCF1}"
EndProject
Project("{FAE04EC0-301F-11D3-BF4B-00C04F79EFBC}") = "Funq.WindowsPhone.Composition", "WindowsPhone\Funq.Composition\Funq.WindowsPhone.Composition.csproj", "{A191B3E4-48D3-4294-8905-5B2B9EFA724C}"
EndProject
Project("{FAE04EC0-301F-11D3-BF4B-00C04F79EFBC}") = "Funq.Build", "Core\Funq.Build\Funq.Build.csproj", "{999180B2-9121-4329-BFE3-054DC988B0F7}"
EndProject
Global
	GlobalSection(TestCaseManagementSettings) = postSolution
		CategoryFile = Funq.vsmdi
	EndGlobalSection
	GlobalSection(SolutionConfigurationPlatforms) = preSolution
		Debug|Any CPU = Debug|Any CPU
		Release|Any CPU = Release|Any CPU
	EndGlobalSection
	GlobalSection(ProjectConfigurationPlatforms) = postSolution
		{56656B0F-90BB-44D1-8A70-D004F940E0D2}.Debug|Any CPU.ActiveCfg = Debug|Any CPU
		{56656B0F-90BB-44D1-8A70-D004F940E0D2}.Debug|Any CPU.Build.0 = Debug|Any CPU
		{56656B0F-90BB-44D1-8A70-D004F940E0D2}.Release|Any CPU.ActiveCfg = Release|Any CPU
		{56656B0F-90BB-44D1-8A70-D004F940E0D2}.Release|Any CPU.Build.0 = Release|Any CPU
		{E655E463-B7E3-4BF4-B02F-3E1B98C1353D}.Debug|Any CPU.ActiveCfg = Debug|Any CPU
		{E655E463-B7E3-4BF4-B02F-3E1B98C1353D}.Debug|Any CPU.Build.0 = Debug|Any CPU
		{E655E463-B7E3-4BF4-B02F-3E1B98C1353D}.Release|Any CPU.ActiveCfg = Release|Any CPU
		{E655E463-B7E3-4BF4-B02F-3E1B98C1353D}.Release|Any CPU.Build.0 = Release|Any CPU
		{0F0175C7-9CCD-4C05-94DE-308E83A8B317}.Debug|Any CPU.ActiveCfg = Debug|Any CPU
		{0F0175C7-9CCD-4C05-94DE-308E83A8B317}.Debug|Any CPU.Build.0 = Debug|Any CPU
		{0F0175C7-9CCD-4C05-94DE-308E83A8B317}.Release|Any CPU.ActiveCfg = Release|Any CPU
		{0F0175C7-9CCD-4C05-94DE-308E83A8B317}.Release|Any CPU.Build.0 = Release|Any CPU
		{3F9ACA78-D409-4E60-8C32-A1FF5498F771}.Debug|Any CPU.ActiveCfg = Debug|Any CPU
		{3F9ACA78-D409-4E60-8C32-A1FF5498F771}.Debug|Any CPU.Build.0 = Debug|Any CPU
		{3F9ACA78-D409-4E60-8C32-A1FF5498F771}.Release|Any CPU.ActiveCfg = Release|Any CPU
		{3F9ACA78-D409-4E60-8C32-A1FF5498F771}.Release|Any CPU.Build.0 = Release|Any CPU
		{A046BB8A-1AE2-4673-AA33-1AF8A706BAEE}.Debug|Any CPU.ActiveCfg = Debug|Any CPU
		{A046BB8A-1AE2-4673-AA33-1AF8A706BAEE}.Debug|Any CPU.Build.0 = Debug|Any CPU
		{A046BB8A-1AE2-4673-AA33-1AF8A706BAEE}.Release|Any CPU.ActiveCfg = Release|Any CPU
		{A046BB8A-1AE2-4673-AA33-1AF8A706BAEE}.Release|Any CPU.Build.0 = Release|Any CPU
		{5FB37D21-CE86-4074-8B5A-C397B6A4EB9A}.Debug|Any CPU.ActiveCfg = Debug|Any CPU
		{5FB37D21-CE86-4074-8B5A-C397B6A4EB9A}.Debug|Any CPU.Build.0 = Debug|Any CPU
		{5FB37D21-CE86-4074-8B5A-C397B6A4EB9A}.Release|Any CPU.ActiveCfg = Release|Any CPU
		{5FB37D21-CE86-4074-8B5A-C397B6A4EB9A}.Release|Any CPU.Build.0 = Release|Any CPU
		{7BA220A1-0804-4392-BFED-8870BF73FCF1}.Debug|Any CPU.ActiveCfg = Debug|Any CPU
		{7BA220A1-0804-4392-BFED-8870BF73FCF1}.Debug|Any CPU.Build.0 = Debug|Any CPU
		{7BA220A1-0804-4392-BFED-8870BF73FCF1}.Release|Any CPU.ActiveCfg = Release|Any CPU
		{7BA220A1-0804-4392-BFED-8870BF73FCF1}.Release|Any CPU.Build.0 = Release|Any CPU
		{A191B3E4-48D3-4294-8905-5B2B9EFA724C}.Debug|Any CPU.ActiveCfg = Debug|Any CPU
		{A191B3E4-48D3-4294-8905-5B2B9EFA724C}.Debug|Any CPU.Build.0 = Debug|Any CPU
		{A191B3E4-48D3-4294-8905-5B2B9EFA724C}.Release|Any CPU.ActiveCfg = Release|Any CPU
		{A191B3E4-48D3-4294-8905-5B2B9EFA724C}.Release|Any CPU.Build.0 = Release|Any CPU
		{999180B2-9121-4329-BFE3-054DC988B0F7}.Debug|Any CPU.ActiveCfg = Debug|Any CPU
		{999180B2-9121-4329-BFE3-054DC988B0F7}.Debug|Any CPU.Build.0 = Debug|Any CPU
		{999180B2-9121-4329-BFE3-054DC988B0F7}.Release|Any CPU.ActiveCfg = Release|Any CPU
		{999180B2-9121-4329-BFE3-054DC988B0F7}.Release|Any CPU.Build.0 = Release|Any CPU
	EndGlobalSection
	GlobalSection(SolutionProperties) = preSolution
		HideSolutionNode = FALSE
	EndGlobalSection
	GlobalSection(NestedProjects) = preSolution
		{56656B0F-90BB-44D1-8A70-D004F940E0D2} = {A94C8911-254D-41AC-ADD4-FB5DE741670B}
		{E655E463-B7E3-4BF4-B02F-3E1B98C1353D} = {A94C8911-254D-41AC-ADD4-FB5DE741670B}
		{5FB37D21-CE86-4074-8B5A-C397B6A4EB9A} = {A94C8911-254D-41AC-ADD4-FB5DE741670B}
		{999180B2-9121-4329-BFE3-054DC988B0F7} = {A94C8911-254D-41AC-ADD4-FB5DE741670B}
		{06B69B84-3896-4E93-BF25-81044FE8A572} = {4F1C8B5F-51B4-4C92-BF23-7508E1441ADC}
		{0E1B7238-782E-4588-8E79-94CA948BA55D} = {4F1C8B5F-51B4-4C92-BF23-7508E1441ADC}
		{7E0A05B8-FF15-4D5C-BD5F-8AF576899446} = {4F1C8B5F-51B4-4C92-BF23-7508E1441ADC}
		{3F9ACA78-D409-4E60-8C32-A1FF5498F771} = {06B69B84-3896-4E93-BF25-81044FE8A572}
		{0F0175C7-9CCD-4C05-94DE-308E83A8B317} = {06B69B84-3896-4E93-BF25-81044FE8A572}
		{7BA220A1-0804-4392-BFED-8870BF73FCF1} = {06B69B84-3896-4E93-BF25-81044FE8A572}
		{A046BB8A-1AE2-4673-AA33-1AF8A706BAEE} = {0E1B7238-782E-4588-8E79-94CA948BA55D}
		{A191B3E4-48D3-4294-8905-5B2B9EFA724C} = {0E1B7238-782E-4588-8E79-94CA948BA55D}
	EndGlobalSection
EndGlobal
